
Microsoft Visual Studio Solution File, Format Version 12.00
Project("{FAE04EC0-301F-11D3-BF4B-00C04F79EFBC}") = "RandomDeckGenerator", "RandomDeckGenerator\RandomDeckGenerator.csproj", "{158737B0-EC8B-454E-B9BD-2ECD0ECD4ED8}"
EndProject
Project("{FAE04EC0-301F-11D3-BF4B-00C04F79EFBC}") = "DeckGeneratorTests", "DeckGeneratorTests\DeckGeneratorTests.csproj", "{C31D4218-982B-429F-8649-DF781F15D6F6}"
EndProject
Global
	GlobalSection(SolutionConfigurationPlatforms) = preSolution
		Debug|Any CPU = Debug|Any CPU
		Release|Any CPU = Release|Any CPU
	EndGlobalSection
	GlobalSection(ProjectConfigurationPlatforms) = postSolution
		{158737B0-EC8B-454E-B9BD-2ECD0ECD4ED8}.Debug|Any CPU.ActiveCfg = Debug|Any CPU
		{158737B0-EC8B-454E-B9BD-2ECD0ECD4ED8}.Debug|Any CPU.Build.0 = Debug|Any CPU
		{158737B0-EC8B-454E-B9BD-2ECD0ECD4ED8}.Release|Any CPU.ActiveCfg = Release|Any CPU
		{158737B0-EC8B-454E-B9BD-2ECD0ECD4ED8}.Release|Any CPU.Build.0 = Release|Any CPU
		{C31D4218-982B-429F-8649-DF781F15D6F6}.Debug|Any CPU.ActiveCfg = Debug|Any CPU
		{C31D4218-982B-429F-8649-DF781F15D6F6}.Debug|Any CPU.Build.0 = Debug|Any CPU
		{C31D4218-982B-429F-8649-DF781F15D6F6}.Release|Any CPU.ActiveCfg = Release|Any CPU
		{C31D4218-982B-429F-8649-DF781F15D6F6}.Release|Any CPU.Build.0 = Release|Any CPU
	EndGlobalSection
EndGlobal
